{
  "lockfileVersion": 1,
  "configVersion": 0,
  "workspaces": {
    "": {
      "name": "lexxy-realtime",
      "devDependencies": {
        "@37signals/lexxy": "0.9.23",
        "@anycable/web": "*",
        "@lexical/clipboard": "0.47.0",
        "@lexical/code": "0.47.0",
        "@lexical/extension": "0.47.0",
        "@lexical/history": "0.47.0",
        "@lexical/html": "0.47.0",
        "@lexical/link": "0.47.0",
        "@lexical/list": "0.47.0",
        "@lexical/markdown": "0.47.0",
        "@lexical/plain-text": "0.47.0",
        "@lexical/rich-text": "0.47.0",
        "@lexical/selection": "0.47.0",
        "@lexical/table": "0.47.0",
        "@lexical/utils": "0.47.0",
        "@lexical/yjs": "0.47.0",
        "@rails/actioncable": "^8.1.300",
        "@rollup/plugin-terser": "^0.4.4",
        "agent-browser": "^0.28.0",
        "lexical": "0.47.0",
        "rolldown": "^1.0.0-beta.49",
        "y-protocols": "*",
        "yjs": "^13.6.0",
        "yrby-client": "^0.5.0",
      },
      "peerDependencies": {
        "@37signals/lexxy": "^0.9",
        "@anycable/web": "*",
        "@lexical/yjs": "^0.44",
        "lexical": "^0.44",
        "y-protocols": "^1.0",
        "yjs": "^13.6",
      },
      "optionalPeers": [
        "@anycable/web",
      ],
    },
  },
  "packages": {
    "@37signals/lexxy": ["@37signals/lexxy@0.9.23", "", { "dependencies": { "@lexical/clipboard": "^0.44.0", "@lexical/code": "^0.44.0", "@lexical/extension": "^0.44.0", "@lexical/history": "^0.44.0", "@lexical/html": "^0.44.0", "@lexical/link": "^0.44.0", "@lexical/list": "^0.44.0", "@lexical/markdown": "^0.44.0", "@lexical/plain-text": "^0.44.0", "@lexical/rich-text": "^0.44.0", "@lexical/selection": "^0.44.0", "@lexical/table": "^0.44.0", "@lexical/utils": "^0.44.0", "dompurify": "^3.3.0", "lexical": "^0.44.0", "marked": "^16.4.1", "prismjs": "^1.30.0" }, "peerDependencies": { "@rails/activestorage": ">= 7.0.0" }, "optionalPeers": ["@rails/activestorage"] }, "sha512-uRGUtFAdL+gMuHB1M5aT423ADlFxkMdS93E2sPed0cZF8+0f5lpGYcXxgUI43TlDsaicx+bk3DLvMv1ol+soCw=="],

    "@anycable/core": ["@anycable/core@1.1.4", "", { "dependencies": { "nanoevents": "^9.1.0" } }, "sha512-ih+htQpLYyaXRi8cscn9i+g7PKAmmeOm2iuqXGG/iX308oQhNLPG8vbFseRyGd+zF9q5QZ1ePaM0yog42bVqHg=="],

    "@anycable/web": ["@anycable/web@1.1.0", "", { "dependencies": { "@anycable/core": "^1.1.0" } }, "sha512-9PQKW0xZ6zBQR9xqRZELP1POEOw1IYpgPuDSEcpQFH6z5yUAMMMnqhfQBG4GCtnSmAGot6SnItjgCqFJWxhf6Q=="],

    "@emnapi/core": ["@emnapi/core@1.7.1", "", { "dependencies": { "@emnapi/wasi-threads": "1.1.0", "tslib": "^2.4.0" } }, "sha512-o1uhUASyo921r2XtHYOHy7gdkGLge8ghBEQHMWmyJFoXlpU58kIrhhN3w26lpQb6dspetweapMn2CSNwQ8I4wg=="],

    "@emnapi/runtime": ["@emnapi/runtime@1.7.1", "", { "dependencies": { "tslib": "^2.4.0" } }, "sha512-PVtJr5CmLwYAU9PZDMITZoR5iAOShYREoR45EyyLrbntV50mdePTgUn4AmOw90Ifcj+x2kRjdzr1HP3RrNiHGA=="],

    "@emnapi/wasi-threads": ["@emnapi/wasi-threads@1.1.0", "", { "dependencies": { "tslib": "^2.4.0" } }, "sha512-WI0DdZ8xFSbgMjR1sFsKABJ/C5OnRrjT06JXbZKexJGrDuPTzZdDYfFlsgcCXCyf+suG5QU2e/y1Wo2V/OapLQ=="],

    "@jridgewell/gen-mapping": ["@jridgewell/gen-mapping@0.3.13", "", { "dependencies": { "@jridgewell/sourcemap-codec": "^1.5.0", "@jridgewell/trace-mapping": "^0.3.24" } }, "sha512-2kkt/7niJ6MgEPxF0bYdQ6etZaA+fQvDcLKckhy1yIQOzaoKjBBjSj63/aLVjYE3qhRt5dvM+uUyfCg6UKCBbA=="],

    "@jridgewell/resolve-uri": ["@jridgewell/resolve-uri@3.1.2", "", {}, "sha512-bRISgCIjP20/tbWSPWMEi54QVPRZExkuD9lJL+UIxUKtwVJA8wW1Trb1jMs1RFXo1CBTNZ/5hpC9QvmKWdopKw=="],

    "@jridgewell/source-map": ["@jridgewell/source-map@0.3.11", "", { "dependencies": { "@jridgewell/gen-mapping": "^0.3.5", "@jridgewell/trace-mapping": "^0.3.25" } }, "sha512-ZMp1V8ZFcPG5dIWnQLr3NSI1MiCU7UETdS/A0G8V/XWHvJv3ZsFqutJn1Y5RPmAPX6F3BiE397OqveU/9NCuIA=="],

    "@jridgewell/sourcemap-codec": ["@jridgewell/sourcemap-codec@1.5.5", "", {}, "sha512-cYQ9310grqxueWbl+WuIUIaiUaDcj7WOq5fVhEljNVgRfOUhY9fy2zTvfoqWsnebh8Sl70VScFbICvJnLKB0Og=="],

    "@jridgewell/trace-mapping": ["@jridgewell/trace-mapping@0.3.31", "", { "dependencies": { "@jridgewell/resolve-uri": "^3.1.0", "@jridgewell/sourcemap-codec": "^1.4.14" } }, "sha512-zzNR+SdQSDJzc8joaeP8QQoCQr8NuYx2dIIytl1QeBEZHJ9uW6hebsrYgbz8hJwUQao3TWCMtmfV8Nu1twOLAw=="],

    "@lexical/clipboard": ["@lexical/clipboard@0.47.0", "", { "dependencies": { "@lexical/extension": "0.47.0", "@lexical/html": "0.47.0", "@lexical/internal": "0.47.0", "@lexical/list": "0.47.0", "@lexical/selection": "0.47.0", "@lexical/utils": "0.47.0", "@types/trusted-types": "^2.0.7", "lexical": "0.47.0" }, "peerDependencies": { "typescript": ">=5.2" }, "optionalPeers": ["typescript"] }, "sha512-OIB+NxHjfpRJJoTtU/mqeb7vPVMks5l97QgwoZthQLR/GIc5zrOtvoLftxl5hKAG5lwOe9BzhashKgVcsSPB3g=="],

    "@lexical/code": ["@lexical/code@0.47.0", "", { "dependencies": { "@lexical/code-core": "0.47.0", "@lexical/code-prism": "0.47.0", "@lexical/extension": "0.47.0", "lexical": "0.47.0" }, "peerDependencies": { "typescript": ">=5.2" }, "optionalPeers": ["typescript"] }, "sha512-O62sVybmcso+j8ZUdMprQWOwqM9w2qMbUSQRvEiRysxn/NhLEa3y6xzSYjWQvR84FcuTb9Yg/C9EiO2N4VkZOQ=="],

    "@lexical/code-core": ["@lexical/code-core@0.47.0", "", { "dependencies": { "@lexical/extension": "0.47.0", "@lexical/html": "0.47.0", "@lexical/internal": "0.47.0", "@lexical/utils": "0.47.0", "lexical": "0.47.0" }, "peerDependencies": { "typescript": ">=5.2" }, "optionalPeers": ["typescript"] }, "sha512-L0hg+57yzQDhYRV5NFyTwSz2+N3O/iLBgRuMNccE3ieltPPSq7lCBTKOuXF3G0ot3NVudu8//ewHjw7OCMqI5g=="],

    "@lexical/code-prism": ["@lexical/code-prism@0.47.0", "", { "dependencies": { "@lexical/code-core": "0.47.0", "@lexical/extension": "0.47.0", "lexical": "0.47.0", "prismjs": "^1.30.0" }, "peerDependencies": { "typescript": ">=5.2" }, "optionalPeers": ["typescript"] }, "sha512-/mDs/rpVhyoeAdNqZoMt5hHrA6nDtuEDSk7lZmzUSk5vLIKMlxFMm3Rv1VsBDO9akl/b1F1aTLvrP8feGAOsiA=="],

    "@lexical/dragon": ["@lexical/dragon@0.47.0", "", { "dependencies": { "@lexical/extension": "0.47.0", "lexical": "0.47.0" }, "peerDependencies": { "typescript": ">=5.2" }, "optionalPeers": ["typescript"] }, "sha512-qqkro6sTLddOh2aYSqoXtm1QOQ/DY71AtWj3XmHPIPtxN/PkVKbvJBVZiP/a9kgFoPs+2a2Tlq9cCIDf6xSHuw=="],

    "@lexical/extension": ["@lexical/extension@0.47.0", "", { "dependencies": { "@lexical/internal": "0.47.0", "@lexical/utils": "0.47.0", "@preact/signals-core": "^1.14.1", "lexical": "0.47.0" }, "peerDependencies": { "typescript": ">=5.2" }, "optionalPeers": ["typescript"] }, "sha512-F9WyXB0eDsCbeSuShzgjBS3ugxNnTvHQa+P+VZiVSWilbDNGjJyysco2JCwn5ruLmEP4MXCQn5IKeW7A9FG8KQ=="],

    "@lexical/history": ["@lexical/history@0.47.0", "", { "dependencies": { "@lexical/extension": "0.47.0", "@lexical/utils": "0.47.0", "lexical": "0.47.0" }, "peerDependencies": { "typescript": ">=5.2" }, "optionalPeers": ["typescript"] }, "sha512-CqAR6G4x6WewKS2uDgf2N1/rszIlXiDCW4dwu0IiQV9oVbhOklvAmPBJX6319myJxB+ArtjuuMgDU3gi/iTqXA=="],

    "@lexical/html": ["@lexical/html@0.47.0", "", { "dependencies": { "@lexical/extension": "0.47.0", "@lexical/internal": "0.47.0", "@lexical/selection": "0.47.0", "@lexical/utils": "0.47.0", "lexical": "0.47.0" }, "peerDependencies": { "typescript": ">=5.2" }, "optionalPeers": ["typescript"] }, "sha512-VrJ9tSRuoUP5tTQb7TB+6PTW0Gh5aC3Hnne4GuXDwKUIzoWFXWkxlB0oIlfL5HVljrzO/Ra65v5M3RnR4TX1PA=="],

    "@lexical/internal": ["@lexical/internal@0.47.0", "", { "peerDependencies": { "typescript": ">=5.2" }, "optionalPeers": ["typescript"] }, "sha512-VKDTHajXvjCkjYHwWra4Qjz8AI6PWeNPW7l6Q9AIlAwUiolAXrlkyfrBAFzdAP360IyDbC2gO9fwTb9ZvZM85Q=="],

    "@lexical/link": ["@lexical/link@0.47.0", "", { "dependencies": { "@lexical/extension": "0.47.0", "@lexical/html": "0.47.0", "@lexical/internal": "0.47.0", "@lexical/utils": "0.47.0", "lexical": "0.47.0" }, "peerDependencies": { "typescript": ">=5.2" }, "optionalPeers": ["typescript"] }, "sha512-lDAbTyJwufKs3yUn1D4AY0IoBU9O4JXzTDqSRa8qVCK7LC3+cF0u+rR5o9RJfxtHUzmALk+s2I0IqlxGCyIocg=="],

    "@lexical/list": ["@lexical/list@0.47.0", "", { "dependencies": { "@lexical/extension": "0.47.0", "@lexical/html": "0.47.0", "@lexical/internal": "0.47.0", "@lexical/utils": "0.47.0", "lexical": "0.47.0" }, "peerDependencies": { "typescript": ">=5.2" }, "optionalPeers": ["typescript"] }, "sha512-g8AApVZNqqcCDXfJtgxEfAv7ylK0HmblRaJYMxB0OI7nlLipUjutIUy8cRX5GKI0woa+oGPYi68cZcMQnBysGw=="],

    "@lexical/markdown": ["@lexical/markdown@0.47.0", "", { "dependencies": { "@lexical/code-core": "0.47.0", "@lexical/internal": "0.47.0", "@lexical/link": "0.47.0", "@lexical/list": "0.47.0", "@lexical/rich-text": "0.47.0", "@lexical/selection": "0.47.0", "@lexical/text": "0.47.0", "@lexical/utils": "0.47.0", "lexical": "0.47.0" }, "peerDependencies": { "typescript": ">=5.2" }, "optionalPeers": ["typescript"] }, "sha512-mtfcomzk/ZT2wtImEzYeFB6VLsOYM6RqBmwnvEMp5alvJISXFhIHDKAT4BkUMMtWGM6AnrlytZyMNPb4QwnZIA=="],

    "@lexical/plain-text": ["@lexical/plain-text@0.47.0", "", { "dependencies": { "@lexical/clipboard": "0.47.0", "@lexical/dragon": "0.47.0", "@lexical/extension": "0.47.0", "@lexical/selection": "0.47.0", "@lexical/utils": "0.47.0", "lexical": "0.47.0" }, "peerDependencies": { "typescript": ">=5.2" }, "optionalPeers": ["typescript"] }, "sha512-MyRjCpEnDJuEeoT/ndYI/i2605QM2bAgFEi6sX/NObYDJSuupC2iY6tOEbCFZ1s0Y1SX6arNrrAPhwygcemz7g=="],

    "@lexical/rich-text": ["@lexical/rich-text@0.47.0", "", { "dependencies": { "@lexical/clipboard": "0.47.0", "@lexical/dragon": "0.47.0", "@lexical/extension": "0.47.0", "@lexical/html": "0.47.0", "@lexical/selection": "0.47.0", "@lexical/utils": "0.47.0", "lexical": "0.47.0" }, "peerDependencies": { "typescript": ">=5.2" }, "optionalPeers": ["typescript"] }, "sha512-GtRH7KNW7fVJzd3Xftdr/EPXaMqHt2xCIO/eJtf17Yrs7vlVOljM0xMcDoj4QOY2Gp4p3CheLlwBbcO96YYV0A=="],

    "@lexical/selection": ["@lexical/selection@0.47.0", "", { "dependencies": { "@lexical/internal": "0.47.0", "lexical": "0.47.0" }, "peerDependencies": { "typescript": ">=5.2" }, "optionalPeers": ["typescript"] }, "sha512-/q+eXnryZxCeqeWAODhTRlJL+jGa6/vIhE/bh+KvHmLbZJM8qfwa0qzt4rb3g+L1/CbjcowS/Xwv2ha1OmjBFQ=="],

    "@lexical/table": ["@lexical/table@0.47.0", "", { "dependencies": { "@lexical/clipboard": "0.47.0", "@lexical/extension": "0.47.0", "@lexical/html": "0.47.0", "@lexical/internal": "0.47.0", "@lexical/utils": "0.47.0", "lexical": "0.47.0" }, "peerDependencies": { "typescript": ">=5.2" }, "optionalPeers": ["typescript"] }, "sha512-T0sOB1i0I05f2U+tTVXDitYq4ACtFob42gULwwqqKfQ/SEPq26Kfd5CljI1rSS4+N+vQz/VTDYF/BN7ZMgHpjA=="],

    "@lexical/text": ["@lexical/text@0.47.0", "", { "dependencies": { "@lexical/internal": "0.47.0", "lexical": "0.47.0" }, "peerDependencies": { "typescript": ">=5.2" }, "optionalPeers": ["typescript"] }, "sha512-Rj1xa/MMhgOckjOJ+ifDUO8BUyi7o+a/vpYcsftMTCpiKmeteO+qSAKoyhvZke496nLh/WFCWKw/iD43bst/Ig=="],

    "@lexical/utils": ["@lexical/utils@0.47.0", "", { "dependencies": { "@lexical/internal": "0.47.0", "@lexical/selection": "0.47.0", "lexical": "0.47.0" }, "peerDependencies": { "typescript": ">=5.2" }, "optionalPeers": ["typescript"] }, "sha512-uVAqNr5qiE4t9GSj+L4rv06WaIGADzblxEKCn134sPzvsVouDv0VTT0pBKjQYUgshT4z9iW5cFtO11+iPacBYg=="],

    "@lexical/yjs": ["@lexical/yjs@0.47.0", "", { "dependencies": { "@lexical/internal": "0.47.0", "@lexical/selection": "0.47.0", "lexical": "0.47.0" }, "peerDependencies": { "typescript": ">=5.2", "yjs": ">=13.5.22" }, "optionalPeers": ["typescript"] }, "sha512-EKw1df2cmUTQrfSp1EnXqsHtNjwgxS973CRor0W4GWmIQJyKdmf6cmA7cct3flkyH5tE/xDnpr8sy38U4R2hlQ=="],

    "@napi-rs/wasm-runtime": ["@napi-rs/wasm-runtime@1.0.7", "", { "dependencies": { "@emnapi/core": "^1.5.0", "@emnapi/runtime": "^1.5.0", "@tybys/wasm-util": "^0.10.1" } }, "sha512-SeDnOO0Tk7Okiq6DbXmmBODgOAb9dp9gjlphokTUxmt8U3liIP1ZsozBahH69j/RJv+Rfs6IwUKHTgQYJ/HBAw=="],

    "@oxc-project/types": ["@oxc-project/types@0.97.0", "", {}, "sha512-lxmZK4xFrdvU0yZiDwgVQTCvh2gHWBJCBk5ALsrtsBWhs0uDIi+FTOnXRQeQfs304imdvTdaakT/lqwQ8hkOXQ=="],

    "@preact/signals-core": ["@preact/signals-core@1.14.3", "", {}, "sha512-m0K3vnbSLC5rHs2ZVfeAMvBtT1zIyq4mxx5OlNncSgMj5Iz6W5Rn3kPrDxAC+iIKmiVe0lSl6U37t5ZkEWoVAw=="],

    "@rails/actioncable": ["@rails/actioncable@8.1.300", "", {}, "sha512-zOENQsq3NM2jyBY6Z2qtZa3V/R/6OEqA+LGKixQbBMl7kk/J3FXDRcszPe74LsHNgB01jCl/DXu/xA8sHt4I/g=="],

    "@rolldown/binding-android-arm64": ["@rolldown/binding-android-arm64@1.0.0-beta.50", "", { "os": "android", "cpu": "arm64" }, "sha512-XlEkrOIHLyGT3avOgzfTFSjG+f+dZMw+/qd+Y3HLN86wlndrB/gSimrJCk4gOhr1XtRtEKfszpadI3Md4Z4/Ag=="],

    "@rolldown/binding-darwin-arm64": ["@rolldown/binding-darwin-arm64@1.0.0-beta.50", "", { "os": "darwin", "cpu": "arm64" }, "sha512-+JRqKJhoFlt5r9q+DecAGPLZ5PxeLva+wCMtAuoFMWPoZzgcYrr599KQ+Ix0jwll4B4HGP43avu9My8KtSOR+w=="],

    "@rolldown/binding-darwin-x64": ["@rolldown/binding-darwin-x64@1.0.0-beta.50", "", { "os": "darwin", "cpu": "x64" }, "sha512-fFXDjXnuX7/gQZQm/1FoivVtRcyAzdjSik7Eo+9iwPQ9EgtA5/nB2+jmbzaKtMGG3q+BnZbdKHCtOacmNrkIDA=="],

    "@rolldown/binding-freebsd-x64": ["@rolldown/binding-freebsd-x64@1.0.0-beta.50", "", { "os": "freebsd", "cpu": "x64" }, "sha512-F1b6vARy49tjmT/hbloplzgJS7GIvwWZqt+tAHEstCh0JIh9sa8FAMVqEmYxDviqKBaAI8iVvUREm/Kh/PD26Q=="],

    "@rolldown/binding-linux-arm-gnueabihf": ["@rolldown/binding-linux-arm-gnueabihf@1.0.0-beta.50", "", { "os": "linux", "cpu": "arm" }, "sha512-U6cR76N8T8M6lHj7EZrQ3xunLPxSvYYxA8vJsBKZiFZkT8YV4kjgCO3KwMJL0NOjQCPGKyiXO07U+KmJzdPGRw=="],

    "@rolldown/binding-linux-arm64-gnu": ["@rolldown/binding-linux-arm64-gnu@1.0.0-beta.50", "", { "os": "linux", "cpu": "arm64" }, "sha512-ONgyjofCrrE3bnh5GZb8EINSFyR/hmwTzZ7oVuyUB170lboza1VMCnb8jgE6MsyyRgHYmN8Lb59i3NKGrxrYjw=="],

    "@rolldown/binding-linux-arm64-musl": ["@rolldown/binding-linux-arm64-musl@1.0.0-beta.50", "", { "os": "linux", "cpu": "arm64" }, "sha512-L0zRdH2oDPkmB+wvuTl+dJbXCsx62SkqcEqdM+79LOcB+PxbAxxjzHU14BuZIQdXcAVDzfpMfaHWzZuwhhBTcw=="],

    "@rolldown/binding-linux-x64-gnu": ["@rolldown/binding-linux-x64-gnu@1.0.0-beta.50", "", { "os": "linux", "cpu": "x64" }, "sha512-gyoI8o/TGpQd3OzkJnh1M2kxy1Bisg8qJ5Gci0sXm9yLFzEXIFdtc4EAzepxGvrT2ri99ar5rdsmNG0zP0SbIg=="],

    "@rolldown/binding-linux-x64-musl": ["@rolldown/binding-linux-x64-musl@1.0.0-beta.50", "", { "os": "linux", "cpu": "x64" }, "sha512-zti8A7M+xFDpKlghpcCAzyOi+e5nfUl3QhU023ce5NCgUxRG5zGP2GR9LTydQ1rnIPwZUVBWd4o7NjZDaQxaXA=="],

    "@rolldown/binding-openharmony-arm64": ["@rolldown/binding-openharmony-arm64@1.0.0-beta.50", "", { "os": "none", "cpu": "arm64" }, "sha512-eZUssog7qljrrRU9Mi0eqYEPm3Ch0UwB+qlWPMKSUXHNqhm3TvDZarJQdTevGEfu3EHAXJvBIe0YFYr0TPVaMA=="],

    "@rolldown/binding-wasm32-wasi": ["@rolldown/binding-wasm32-wasi@1.0.0-beta.50", "", { "dependencies": { "@napi-rs/wasm-runtime": "^1.0.7" }, "cpu": "none" }, "sha512-nmCN0nIdeUnmgeDXiQ+2HU6FT162o+rxnF7WMkBm4M5Ds8qTU7Dzv2Wrf22bo4ftnlrb2hKK6FSwAJSAe2FWLg=="],

    "@rolldown/binding-win32-arm64-msvc": ["@rolldown/binding-win32-arm64-msvc@1.0.0-beta.50", "", { "os": "win32", "cpu": "arm64" }, "sha512-7kcNLi7Ua59JTTLvbe1dYb028QEPaJPJQHqkmSZ5q3tJueUeb6yjRtx8mw4uIqgWZcnQHAR3PrLN4XRJxvgIkA=="],

    "@rolldown/binding-win32-ia32-msvc": ["@rolldown/binding-win32-ia32-msvc@1.0.0-beta.50", "", { "os": "win32", "cpu": "ia32" }, "sha512-lL70VTNvSCdSZkDPPVMwWn/M2yQiYvSoXw9hTLgdIWdUfC3g72UaruezusR6ceRuwHCY1Ayu2LtKqXkBO5LIwg=="],

    "@rolldown/binding-win32-x64-msvc": ["@rolldown/binding-win32-x64-msvc@1.0.0-beta.50", "", { "os": "win32", "cpu": "x64" }, "sha512-4qU4x5DXWB4JPjyTne/wBNPqkbQU8J45bl21geERBKtEittleonioACBL1R0PsBu0Aq21SwMK5a9zdBkWSlQtQ=="],

    "@rolldown/pluginutils": ["@rolldown/pluginutils@1.0.0-beta.50", "", {}, "sha512-5e76wQiQVeL1ICOZVUg4LSOVYg9jyhGCin+icYozhsUzM+fHE7kddi1bdiE0jwVqTfkjba3jUFbEkoC9WkdvyA=="],

    "@rollup/plugin-terser": ["@rollup/plugin-terser@0.4.4", "", { "dependencies": { "serialize-javascript": "^6.0.1", "smob": "^1.0.0", "terser": "^5.17.4" }, "peerDependencies": { "rollup": "^2.0.0||^3.0.0||^4.0.0" }, "optionalPeers": ["rollup"] }, "sha512-XHeJC5Bgvs8LfukDwWZp7yeqin6ns8RTl2B9avbejt6tZqsqvVoWI7ZTQrcNsfKEDWBTnTxM8nMDkO2IFFbd0A=="],

    "@tybys/wasm-util": ["@tybys/wasm-util@0.10.1", "", { "dependencies": { "tslib": "^2.4.0" } }, "sha512-9tTaPJLSiejZKx+Bmog4uSubteqTvFrVrURwkmHixBo0G4seD0zUxp98E1DzUBJxLQ3NPwXrGKDiVjwx/DpPsg=="],

    "@types/trusted-types": ["@types/trusted-types@2.0.7", "", {}, "sha512-ScaPdn1dQczgbl0QFTeTOmVHFULt394XJgOQNoyVhZ6r2vLnMLJfBPd53SB52T/3G36VI1/g2MZaX0cwDuXsfw=="],

    "acorn": ["acorn@8.15.0", "", { "bin": "bin/acorn" }, "sha512-NZyJarBfL7nWwIq+FDL6Zp/yHEhePMNnnJ0y3qfieCrmNvYct8uvtiV41UvlSe6apAfk0fY1FbWx+NwfmpvtTg=="],

    "agent-browser": ["agent-browser@0.28.0", "", { "bin": "bin/agent-browser.js" }, "sha512-rPpFXR3AUhi9wgyhCKOPffPnceTZP29Y2qr20FzTXc6Dailv0QoHF9XfYrb8nXP7Wt8K9wmVxoKf1nVU1U8S5w=="],

    "buffer-from": ["buffer-from@1.1.2", "", {}, "sha512-E+XQCRwSbaaiChtv6k6Dwgc+bx+Bs6vuKJHHl5kox/BaKbhiXzqQOwK4cO22yElGp2OCmjwVhT3HmxgyPGnJfQ=="],

    "commander": ["commander@2.20.3", "", {}, "sha512-GpVkmM8vF2vQUkj2LvZmD35JxeJOLCwJ9cUkugyk2nuhbv3+mJvpLYYt+0+USMxE+oj+ey/lJEnhZw75x/OMcQ=="],

    "dompurify": ["dompurify@3.3.0", "", { "optionalDependencies": { "@types/trusted-types": "^2.0.7" } }, "sha512-r+f6MYR1gGN1eJv0TVQbhA7if/U7P87cdPl3HN5rikqaBSBxLiCb/b9O+2eG0cxz0ghyU+mU1QkbsOwERMYlWQ=="],

    "isomorphic.js": ["isomorphic.js@0.2.5", "", {}, "sha512-PIeMbHqMt4DnUP3MA/Flc0HElYjMXArsw1qwJZcm9sqR8mq3l8NYizFMty0pWwE/tzIGH3EKK5+jes5mAr85yw=="],

    "lexical": ["lexical@0.47.0", "", { "dependencies": { "@lexical/internal": "0.47.0" }, "peerDependencies": { "typescript": ">=5.2" }, "optionalPeers": ["typescript"] }, "sha512-ZKsxsk3jUpXsRtG20EBq42z2bq8A20UHtjqvVT/kIxfsaiXwaRFBBcLSFxPa77j+hXkBF5w96C3/imwtmLoRdg=="],

    "lib0": ["lib0@0.2.117", "", { "dependencies": { "isomorphic.js": "^0.2.4" }, "bin": { "0ecdsa-generate-keypair": "bin/0ecdsa-generate-keypair.js", "0gentesthtml": "bin/gentesthtml.js", "0serve": "bin/0serve.js" } }, "sha512-DeXj9X5xDCjgKLU/7RR+/HQEVzuuEUiwldwOGsHK/sfAfELGWEyTcf0x+uOvCvK3O2zPmZePXWL85vtia6GyZw=="],

    "marked": ["marked@16.4.2", "", { "bin": "bin/marked.js" }, "sha512-TI3V8YYWvkVf3KJe1dRkpnjs68JUPyEa5vjKrp1XEEJUAOaQc+Qj+L1qWbPd0SJuAdQkFU0h73sXXqwDYxsiDA=="],

    "nanoevents": ["nanoevents@9.1.0", "", {}, "sha512-Jd0fILWG44a9luj8v5kED4WI+zfkkgwKyRQKItTtlPfEsh7Lznfi1kr8/iZ+XAIss4Qq5GqRB0qtWbaz9ceO/A=="],

    "prismjs": ["prismjs@1.30.0", "", {}, "sha512-DEvV2ZF2r2/63V+tK8hQvrR2ZGn10srHbXviTlcv7Kpzw8jWiNTqbVgjO3IY8RxrrOUF8VPMQQFysYYYv0YZxw=="],

    "randombytes": ["randombytes@2.1.0", "", { "dependencies": { "safe-buffer": "^5.1.0" } }, "sha512-vYl3iOX+4CKUWuxGi9Ukhie6fsqXqS9FE2Zaic4tNFD2N2QQaXOMFbuKK4QmDHC0JO6B1Zp41J0LpT0oR68amQ=="],

    "rolldown": ["rolldown@1.0.0-beta.50", "", { "dependencies": { "@oxc-project/types": "=0.97.0", "@rolldown/pluginutils": "1.0.0-beta.50" }, "optionalDependencies": { "@rolldown/binding-android-arm64": "1.0.0-beta.50", "@rolldown/binding-darwin-arm64": "1.0.0-beta.50", "@rolldown/binding-darwin-x64": "1.0.0-beta.50", "@rolldown/binding-freebsd-x64": "1.0.0-beta.50", "@rolldown/binding-linux-arm-gnueabihf": "1.0.0-beta.50", "@rolldown/binding-linux-arm64-gnu": "1.0.0-beta.50", "@rolldown/binding-linux-arm64-musl": "1.0.0-beta.50", "@rolldown/binding-linux-x64-gnu": "1.0.0-beta.50", "@rolldown/binding-linux-x64-musl": "1.0.0-beta.50", "@rolldown/binding-openharmony-arm64": "1.0.0-beta.50", "@rolldown/binding-wasm32-wasi": "1.0.0-beta.50", "@rolldown/binding-win32-arm64-msvc": "1.0.0-beta.50", "@rolldown/binding-win32-ia32-msvc": "1.0.0-beta.50", "@rolldown/binding-win32-x64-msvc": "1.0.0-beta.50" }, "bin": "bin/cli.mjs" }, "sha512-JFULvCNl/anKn99eKjOSEubi0lLmNqQDAjyEMME2T4CwezUDL0i6t1O9xZsu2OMehPnV2caNefWpGF+8TnzB6A=="],

    "safe-buffer": ["safe-buffer@5.2.1", "", {}, "sha512-rp3So07KcdmmKbGvgaNxQSJr7bGVSVk5S9Eq1F+ppbRo70+YeaDxkw5Dd8NPN+GD6bjnYm2VuPuCXmpuYvmCXQ=="],

    "serialize-javascript": ["serialize-javascript@6.0.2", "", { "dependencies": { "randombytes": "^2.1.0" } }, "sha512-Saa1xPByTTq2gdeFZYLLo+RFE35NHZkAbqZeWNd3BpzppeVisAqpDjcp8dyf6uIvEqJRd46jemmyA4iFIeVk8g=="],

    "smob": ["smob@1.5.0", "", {}, "sha512-g6T+p7QO8npa+/hNx9ohv1E5pVCmWrVCUzUXJyLdMmftX6ER0oiWY/w9knEonLpnOp6b6FenKnMfR8gqwWdwig=="],

    "source-map": ["source-map@0.6.1", "", {}, "sha512-UjgapumWlbMhkBgzT7Ykc5YXUT46F0iKu8SGXq0bcwP5dz/h0Plj6enJqjz1Zbq2l5WaqYnrVbwWOWMyF3F47g=="],

    "source-map-support": ["source-map-support@0.5.21", "", { "dependencies": { "buffer-from": "^1.0.0", "source-map": "^0.6.0" } }, "sha512-uBHU3L3czsIyYXKX88fdrGovxdSCoTGDRZ6SYXtSRxLZUzHg5P/66Ht6uoUlHu9EZod+inXhKo3qQgwXUT/y1w=="],

    "terser": ["terser@5.44.1", "", { "dependencies": { "@jridgewell/source-map": "^0.3.3", "acorn": "^8.15.0", "commander": "^2.20.0", "source-map-support": "~0.5.20" }, "bin": "bin/terser" }, "sha512-t/R3R/n0MSwnnazuPpPNVO60LX0SKL45pyl9YlvxIdkH0Of7D5qM2EVe+yASRIlY5pZ73nclYJfNANGWPwFDZw=="],

    "tslib": ["tslib@2.8.1", "", {}, "sha512-oJFu94HQb+KVduSUQL7wnpmqnfmLsOA/nAh6b6EH0wCEoK0/mPeXU6c3wKDV83MkOuHPRHtSXKKU99IBazS/2w=="],

    "y-protocols": ["y-protocols@1.0.6", "", { "dependencies": { "lib0": "^0.2.85" }, "peerDependencies": { "yjs": "^13.0.0" } }, "sha512-vHRF2L6iT3rwj1jub/K5tYcTT/mEYDUppgNPXwp8fmLpui9f7Yeq3OEtTLVF012j39QnV+KEQpNqoN7CWU7Y9Q=="],

    "yjs": ["yjs@13.6.27", "", { "dependencies": { "lib0": "^0.2.99" } }, "sha512-OIDwaflOaq4wC6YlPBy2L6ceKeKuF7DeTxx+jPzv1FHn9tCZ0ZwSRnUBxD05E3yed46fv/FWJbvR+Ud7x0L7zw=="],

    "yrby-client": ["yrby-client@0.5.0", "", { "dependencies": { "lib0": "^0.2.117" }, "peerDependencies": { "y-protocols": "^1.0.5", "yjs": "^13.6.0" }, "optionalPeers": ["y-protocols", "yjs"] }, "sha512-04cX0ixPRGY401P60TMdg71xNOK48uBHJGTDM9hTnskertLql7eoxTxxxl8ZnthoG5EDAuGTfSl29fDNjwBAJA=="],

    "@37signals/lexxy/@lexical/clipboard": ["@lexical/clipboard@0.44.0", "", { "dependencies": { "@lexical/extension": "0.44.0", "@lexical/html": "0.44.0", "@lexical/list": "0.44.0", "@lexical/selection": "0.44.0", "@lexical/utils": "0.44.0", "@types/trusted-types": "^2.0.7", "lexical": "0.44.0" } }, "sha512-nfmNIs7uENqlDI7cm2E4I1Yp8mDJGMhEQIrIV2rNWnL1oeHVXQ7yuYdyoPdcY1zuj/9nvkYBQYUEh0QiGwpETA=="],

    "@37signals/lexxy/@lexical/code": ["@lexical/code@0.44.0", "", { "dependencies": { "@lexical/code-core": "0.44.0", "@lexical/code-prism": "0.44.0", "@lexical/extension": "0.44.0", "lexical": "0.44.0" } }, "sha512-d2rZUlGC8noGn/XbVrPyPZ86gYKT5a1DdsCSYIWnw/aqAs9G0xaIBcV9ABH+9cUS9fY5GDHaKTllHKIA8VRAxQ=="],

    "@37signals/lexxy/@lexical/extension": ["@lexical/extension@0.44.0", "", { "dependencies": { "@lexical/utils": "0.44.0", "@preact/signals-core": "^1.14.1", "lexical": "0.44.0" } }, "sha512-BsYtoc+0EU0pqcOpf/lIUDU6LQVO6zX2AawZoUWJzT3Wzfov23qsqZWvl2WGM9dnRTN5iISJL3Fl53bQVxiXxw=="],

    "@37signals/lexxy/@lexical/history": ["@lexical/history@0.44.0", "", { "dependencies": { "@lexical/extension": "0.44.0", "@lexical/utils": "0.44.0", "lexical": "0.44.0" } }, "sha512-RGXcbFTgYL1GIWaReBI26mNSsJTfiA9EAtDY4LBeZ14NrIQhYNokKgNiOxq5Bn8xXrl2+mawQEqoMfgpWp/5YA=="],

    "@37signals/lexxy/@lexical/html": ["@lexical/html@0.44.0", "", { "dependencies": { "@lexical/extension": "0.44.0", "@lexical/selection": "0.44.0", "@lexical/utils": "0.44.0", "lexical": "0.44.0" } }, "sha512-5X6eGsgwtqPxABsuShUxF7ZfyB/U4GwSEyeonvwH1Vc/5Q2uQVjlB+FAYd+MNwWMHMh4d4+yZ3l70AtIuhr5eg=="],

    "@37signals/lexxy/@lexical/link": ["@lexical/link@0.44.0", "", { "dependencies": { "@lexical/extension": "0.44.0", "@lexical/utils": "0.44.0", "lexical": "0.44.0" } }, "sha512-uvEqEol/mLEzGVQd8Rok9I48RgYPKokM/nsclI9nYcEdccVOM2Nri4ntoRwodhbccFLtjMPl8OBldwXbfc77tQ=="],

    "@37signals/lexxy/@lexical/list": ["@lexical/list@0.44.0", "", { "dependencies": { "@lexical/extension": "0.44.0", "@lexical/utils": "0.44.0", "lexical": "0.44.0" } }, "sha512-ZTCWxDz1okPrC9FBXi1yV3W5fbQQeMUlFIcSVF9HibcVPmCsPa900IxthuiQbGiTycUyXDTOB3IUYRtlJNtpjw=="],

    "@37signals/lexxy/@lexical/markdown": ["@lexical/markdown@0.44.0", "", { "dependencies": { "@lexical/code-core": "0.44.0", "@lexical/link": "0.44.0", "@lexical/list": "0.44.0", "@lexical/rich-text": "0.44.0", "@lexical/text": "0.44.0", "@lexical/utils": "0.44.0", "lexical": "0.44.0" } }, "sha512-DwlXdp85pYMo3exDF6W3iz8plpuP+RQ4Me4Iljm7O5aPDp0SSrIoZxyX4zS668mVAoz5HHj1Ka0kQkft8mq26Q=="],

    "@37signals/lexxy/@lexical/plain-text": ["@lexical/plain-text@0.44.0", "", { "dependencies": { "@lexical/clipboard": "0.44.0", "@lexical/dragon": "0.44.0", "@lexical/selection": "0.44.0", "@lexical/utils": "0.44.0", "lexical": "0.44.0" } }, "sha512-bIV4Lljk0x70zFhkZIwzSPK5q3m9FpDisjGm2/3Q/chb+5BW3Tv8QJmqnpCiSO6S2KXO7gfSy81ZfkQ1dcd4EQ=="],

    "@37signals/lexxy/@lexical/rich-text": ["@lexical/rich-text@0.44.0", "", { "dependencies": { "@lexical/clipboard": "0.44.0", "@lexical/dragon": "0.44.0", "@lexical/selection": "0.44.0", "@lexical/utils": "0.44.0", "lexical": "0.44.0" } }, "sha512-IIdrutK5GY47ITjPlZB7KzUi9dBDwygsyFOwolnrYSL7m6TtGhAqrYiFg/YNOTT/nBzK3KQeCJRbnxpjJAVZtQ=="],

    "@37signals/lexxy/@lexical/selection": ["@lexical/selection@0.44.0", "", { "dependencies": { "lexical": "0.44.0" } }, "sha512-AEyeZJFFr5YRLeqVR+X0QAW19c4Fk4MFAQu52z2gxAyDGTj9xwVJxjfepVpfUp4P9K+sPtJ/yaqfMXH506ksSQ=="],

    "@37signals/lexxy/@lexical/table": ["@lexical/table@0.44.0", "", { "dependencies": { "@lexical/clipboard": "0.44.0", "@lexical/extension": "0.44.0", "@lexical/utils": "0.44.0", "lexical": "0.44.0" } }, "sha512-5Uq0O/fBCxcZp9y17fXUONY7dU9lVo/mB5JHy23laIiKzBKP5IzzTLMU9ikZTppIXbMNxYXd+R2pmy7PYTLyvw=="],

    "@37signals/lexxy/@lexical/utils": ["@lexical/utils@0.44.0", "", { "dependencies": { "@lexical/selection": "0.44.0", "lexical": "0.44.0" } }, "sha512-/D2ptztNevfBJgtkj4uaiYBeRcvSy+1mQj6pNYaCFZIoPJIwl6H5fXwWAvpvr11vcQKP9DEEoXR+V4qkMOA+EA=="],

    "@37signals/lexxy/lexical": ["lexical@0.44.0", "", {}, "sha512-ReDUjRlFgkGoPWzvdjr7s16PUVpHATN+2NH2NiZs+PLlISTaIFFgKil2P467oP3Vg+XgmpDsUgmWZsFJTztYjg=="],

    "@37signals/lexxy/@lexical/code/@lexical/code-core": ["@lexical/code-core@0.44.0", "", { "dependencies": { "@lexical/extension": "0.44.0", "lexical": "0.44.0" } }, "sha512-m57JyXTIvW1tsqw/Vuogk8jqWCZZIeFQbWybRc46ytR8ReDgzPRODpN8+dacIIeRH5yC5UC3lAa743mtdNkxqg=="],

    "@37signals/lexxy/@lexical/code/@lexical/code-prism": ["@lexical/code-prism@0.44.0", "", { "dependencies": { "@lexical/code-core": "0.44.0", "@lexical/extension": "0.44.0", "lexical": "0.44.0", "prismjs": "^1.30.0" } }, "sha512-E8hmosuviwDfZqNyFKf2Vym8lV4shRFRHsRgYHzA3UCp88OqsxcSpyIwZk276khvJ2Zd4DupqJht/h+djezO4Q=="],

    "@37signals/lexxy/@lexical/markdown/@lexical/code-core": ["@lexical/code-core@0.44.0", "", { "dependencies": { "@lexical/extension": "0.44.0", "lexical": "0.44.0" } }, "sha512-m57JyXTIvW1tsqw/Vuogk8jqWCZZIeFQbWybRc46ytR8ReDgzPRODpN8+dacIIeRH5yC5UC3lAa743mtdNkxqg=="],

    "@37signals/lexxy/@lexical/markdown/@lexical/text": ["@lexical/text@0.44.0", "", { "dependencies": { "lexical": "0.44.0" } }, "sha512-1XJD8ZbwaXljTl8k4+jjiopdhnYZm26IJw9Gv8+cIThVC0b6B3JZ/WxH97BMDcSloKvWHFkGiPztxRwNwA29Rw=="],

    "@37signals/lexxy/@lexical/plain-text/@lexical/dragon": ["@lexical/dragon@0.44.0", "", { "dependencies": { "@lexical/extension": "0.44.0", "lexical": "0.44.0" } }, "sha512-RhlsjVDket9k1+YFEkDE0/7Qyrh2BI0vxBMzrWwPJTXX/4YFanYN9su8RSabkIukBBJ3QiNOOoC8FKK4Lkr4qg=="],

    "@37signals/lexxy/@lexical/rich-text/@lexical/dragon": ["@lexical/dragon@0.44.0", "", { "dependencies": { "@lexical/extension": "0.44.0", "lexical": "0.44.0" } }, "sha512-RhlsjVDket9k1+YFEkDE0/7Qyrh2BI0vxBMzrWwPJTXX/4YFanYN9su8RSabkIukBBJ3QiNOOoC8FKK4Lkr4qg=="],
  }
}
