# THIS IS AN AUTOGENERATED FILE. DO NOT EDIT THIS FILE DIRECTLY.
# yarn lockfile v1


"@37signals/lexxy@^0.9.25":
  version "0.9.25"
  resolved "https://registry.npmjs.org/@37signals/lexxy/-/lexxy-0.9.25.tgz"
  integrity sha512-ljmGasZd1CBzqzMOWREuCs20E2HedyGe/5YNb/hsz2Gai5Fjz+VYV4KLQ/W1Q2gEQ7OfpHX/QEW79WgBejDrJg==
  dependencies:
    "@lexical/clipboard" "^0.44.0"
    "@lexical/code" "^0.44.0"
    "@lexical/extension" "^0.44.0"
    "@lexical/history" "^0.44.0"
    "@lexical/html" "^0.44.0"
    "@lexical/link" "^0.44.0"
    "@lexical/list" "^0.44.0"
    "@lexical/markdown" "^0.44.0"
    "@lexical/plain-text" "^0.44.0"
    "@lexical/rich-text" "^0.44.0"
    "@lexical/selection" "^0.44.0"
    "@lexical/table" "^0.44.0"
    "@lexical/utils" "^0.44.0"
    dompurify "^3.3.0"
    lexical "^0.44.0"
    marked "^16.4.1"
    prismjs "^1.30.0"

"@esbuild/darwin-arm64@0.28.1":
  version "0.28.1"
  resolved "https://registry.npmjs.org/@esbuild/darwin-arm64/-/darwin-arm64-0.28.1.tgz"
  integrity sha512-TZbWkQY7kvTAXbXUT7uVACR5cMHsDiSz9z7ZKAX/RTq/WJEk3QyRr0wZpNhBDX+/0CtdqUIJlOiodQcta6tY3Q==

"@hotwired/stimulus@^3.2.2":
  version "3.2.2"
  resolved "https://registry.npmjs.org/@hotwired/stimulus/-/stimulus-3.2.2.tgz"
  integrity sha512-eGeIqNOQpXoPAIP7tC1+1Yc1yl1xnwYqg+3mzqxyrbE5pg5YFBZcA6YoTiByJB6DKAEsiWtl6tjTJS4IYtbB7A==

"@hotwired/turbo-rails@^8.0.23":
  version "8.0.23"
  resolved "https://registry.npmjs.org/@hotwired/turbo-rails/-/turbo-rails-8.0.23.tgz"
  integrity sha512-iBILwda3qmQC7FYM70+4s6kEQ7Fx9dJ6+yGxjPyrz9a5JDx1+y7OAA5TA7GGVOZJoicMLrKGdFDNorl40X35lw==
  dependencies:
    "@hotwired/turbo" "^8.0.23"
    "@rails/actioncable" ">=7.0"

"@hotwired/turbo@^8.0.23":
  version "8.0.23"
  resolved "https://registry.npmjs.org/@hotwired/turbo/-/turbo-8.0.23.tgz"
  integrity sha512-GZ7cijxEZ6Ig71u7rD6LHaRv/wcE/hNsc+nEfiWOkLNqUgLOwo5MNGWOy5ZV9ZUDSiQx1no7YxjTNnT4O6//cQ==

"@lexical/clipboard@^0.44.0", "@lexical/clipboard@0.44.0":
  version "0.44.0"
  resolved "https://registry.npmjs.org/@lexical/clipboard/-/clipboard-0.44.0.tgz"
  integrity sha512-nfmNIs7uENqlDI7cm2E4I1Yp8mDJGMhEQIrIV2rNWnL1oeHVXQ7yuYdyoPdcY1zuj/9nvkYBQYUEh0QiGwpETA==
  dependencies:
    "@lexical/extension" "0.44.0"
    "@lexical/html" "0.44.0"
    "@lexical/list" "0.44.0"
    "@lexical/selection" "0.44.0"
    "@lexical/utils" "0.44.0"
    "@types/trusted-types" "^2.0.7"
    lexical "0.44.0"

"@lexical/code-core@0.44.0":
  version "0.44.0"
  resolved "https://registry.npmjs.org/@lexical/code-core/-/code-core-0.44.0.tgz"
  integrity sha512-m57JyXTIvW1tsqw/Vuogk8jqWCZZIeFQbWybRc46ytR8ReDgzPRODpN8+dacIIeRH5yC5UC3lAa743mtdNkxqg==
  dependencies:
    "@lexical/extension" "0.44.0"
    lexical "0.44.0"

"@lexical/code-prism@0.44.0":
  version "0.44.0"
  resolved "https://registry.npmjs.org/@lexical/code-prism/-/code-prism-0.44.0.tgz"
  integrity sha512-E8hmosuviwDfZqNyFKf2Vym8lV4shRFRHsRgYHzA3UCp88OqsxcSpyIwZk276khvJ2Zd4DupqJht/h+djezO4Q==
  dependencies:
    "@lexical/code-core" "0.44.0"
    "@lexical/extension" "0.44.0"
    lexical "0.44.0"
    prismjs "^1.30.0"

"@lexical/code@^0.44.0":
  version "0.44.0"
  resolved "https://registry.npmjs.org/@lexical/code/-/code-0.44.0.tgz"
  integrity sha512-d2rZUlGC8noGn/XbVrPyPZ86gYKT5a1DdsCSYIWnw/aqAs9G0xaIBcV9ABH+9cUS9fY5GDHaKTllHKIA8VRAxQ==
  dependencies:
    "@lexical/code-core" "0.44.0"
    "@lexical/code-prism" "0.44.0"
    "@lexical/extension" "0.44.0"
    lexical "0.44.0"

"@lexical/dragon@0.44.0":
  version "0.44.0"
  resolved "https://registry.npmjs.org/@lexical/dragon/-/dragon-0.44.0.tgz"
  integrity sha512-RhlsjVDket9k1+YFEkDE0/7Qyrh2BI0vxBMzrWwPJTXX/4YFanYN9su8RSabkIukBBJ3QiNOOoC8FKK4Lkr4qg==
  dependencies:
    "@lexical/extension" "0.44.0"
    lexical "0.44.0"

"@lexical/extension@^0.44.0", "@lexical/extension@0.44.0":
  version "0.44.0"
  resolved "https://registry.npmjs.org/@lexical/extension/-/extension-0.44.0.tgz"
  integrity sha512-BsYtoc+0EU0pqcOpf/lIUDU6LQVO6zX2AawZoUWJzT3Wzfov23qsqZWvl2WGM9dnRTN5iISJL3Fl53bQVxiXxw==
  dependencies:
    "@lexical/utils" "0.44.0"
    "@preact/signals-core" "^1.14.1"
    lexical "0.44.0"

"@lexical/history@^0.44.0":
  version "0.44.0"
  resolved "https://registry.npmjs.org/@lexical/history/-/history-0.44.0.tgz"
  integrity sha512-RGXcbFTgYL1GIWaReBI26mNSsJTfiA9EAtDY4LBeZ14NrIQhYNokKgNiOxq5Bn8xXrl2+mawQEqoMfgpWp/5YA==
  dependencies:
    "@lexical/extension" "0.44.0"
    "@lexical/utils" "0.44.0"
    lexical "0.44.0"

"@lexical/html@^0.44.0", "@lexical/html@0.44.0":
  version "0.44.0"
  resolved "https://registry.npmjs.org/@lexical/html/-/html-0.44.0.tgz"
  integrity sha512-5X6eGsgwtqPxABsuShUxF7ZfyB/U4GwSEyeonvwH1Vc/5Q2uQVjlB+FAYd+MNwWMHMh4d4+yZ3l70AtIuhr5eg==
  dependencies:
    "@lexical/extension" "0.44.0"
    "@lexical/selection" "0.44.0"
    "@lexical/utils" "0.44.0"
    lexical "0.44.0"

"@lexical/link@^0.44.0", "@lexical/link@0.44.0":
  version "0.44.0"
  resolved "https://registry.npmjs.org/@lexical/link/-/link-0.44.0.tgz"
  integrity sha512-uvEqEol/mLEzGVQd8Rok9I48RgYPKokM/nsclI9nYcEdccVOM2Nri4ntoRwodhbccFLtjMPl8OBldwXbfc77tQ==
  dependencies:
    "@lexical/extension" "0.44.0"
    "@lexical/utils" "0.44.0"
    lexical "0.44.0"

"@lexical/list@^0.44.0", "@lexical/list@0.44.0":
  version "0.44.0"
  resolved "https://registry.npmjs.org/@lexical/list/-/list-0.44.0.tgz"
  integrity sha512-ZTCWxDz1okPrC9FBXi1yV3W5fbQQeMUlFIcSVF9HibcVPmCsPa900IxthuiQbGiTycUyXDTOB3IUYRtlJNtpjw==
  dependencies:
    "@lexical/extension" "0.44.0"
    "@lexical/utils" "0.44.0"
    lexical "0.44.0"

"@lexical/markdown@^0.44.0":
  version "0.44.0"
  resolved "https://registry.npmjs.org/@lexical/markdown/-/markdown-0.44.0.tgz"
  integrity sha512-DwlXdp85pYMo3exDF6W3iz8plpuP+RQ4Me4Iljm7O5aPDp0SSrIoZxyX4zS668mVAoz5HHj1Ka0kQkft8mq26Q==
  dependencies:
    "@lexical/code-core" "0.44.0"
    "@lexical/link" "0.44.0"
    "@lexical/list" "0.44.0"
    "@lexical/rich-text" "0.44.0"
    "@lexical/text" "0.44.0"
    "@lexical/utils" "0.44.0"
    lexical "0.44.0"

"@lexical/plain-text@^0.44.0":
  version "0.44.0"
  resolved "https://registry.npmjs.org/@lexical/plain-text/-/plain-text-0.44.0.tgz"
  integrity sha512-bIV4Lljk0x70zFhkZIwzSPK5q3m9FpDisjGm2/3Q/chb+5BW3Tv8QJmqnpCiSO6S2KXO7gfSy81ZfkQ1dcd4EQ==
  dependencies:
    "@lexical/clipboard" "0.44.0"
    "@lexical/dragon" "0.44.0"
    "@lexical/selection" "0.44.0"
    "@lexical/utils" "0.44.0"
    lexical "0.44.0"

"@lexical/rich-text@^0.44.0", "@lexical/rich-text@0.44.0":
  version "0.44.0"
  resolved "https://registry.npmjs.org/@lexical/rich-text/-/rich-text-0.44.0.tgz"
  integrity sha512-IIdrutK5GY47ITjPlZB7KzUi9dBDwygsyFOwolnrYSL7m6TtGhAqrYiFg/YNOTT/nBzK3KQeCJRbnxpjJAVZtQ==
  dependencies:
    "@lexical/clipboard" "0.44.0"
    "@lexical/dragon" "0.44.0"
    "@lexical/selection" "0.44.0"
    "@lexical/utils" "0.44.0"
    lexical "0.44.0"

"@lexical/selection@^0.44.0", "@lexical/selection@0.44.0":
  version "0.44.0"
  resolved "https://registry.npmjs.org/@lexical/selection/-/selection-0.44.0.tgz"
  integrity sha512-AEyeZJFFr5YRLeqVR+X0QAW19c4Fk4MFAQu52z2gxAyDGTj9xwVJxjfepVpfUp4P9K+sPtJ/yaqfMXH506ksSQ==
  dependencies:
    lexical "0.44.0"

"@lexical/table@^0.44.0":
  version "0.44.0"
  resolved "https://registry.npmjs.org/@lexical/table/-/table-0.44.0.tgz"
  integrity sha512-5Uq0O/fBCxcZp9y17fXUONY7dU9lVo/mB5JHy23laIiKzBKP5IzzTLMU9ikZTppIXbMNxYXd+R2pmy7PYTLyvw==
  dependencies:
    "@lexical/clipboard" "0.44.0"
    "@lexical/extension" "0.44.0"
    "@lexical/utils" "0.44.0"
    lexical "0.44.0"

"@lexical/text@0.44.0":
  version "0.44.0"
  resolved "https://registry.npmjs.org/@lexical/text/-/text-0.44.0.tgz"
  integrity sha512-1XJD8ZbwaXljTl8k4+jjiopdhnYZm26IJw9Gv8+cIThVC0b6B3JZ/WxH97BMDcSloKvWHFkGiPztxRwNwA29Rw==
  dependencies:
    lexical "0.44.0"

"@lexical/utils@^0.44.0", "@lexical/utils@0.44.0":
  version "0.44.0"
  resolved "https://registry.npmjs.org/@lexical/utils/-/utils-0.44.0.tgz"
  integrity sha512-/D2ptztNevfBJgtkj4uaiYBeRcvSy+1mQj6pNYaCFZIoPJIwl6H5fXwWAvpvr11vcQKP9DEEoXR+V4qkMOA+EA==
  dependencies:
    "@lexical/selection" "0.44.0"
    lexical "0.44.0"

"@lexical/yjs@^0.44.0":
  version "0.44.0"
  resolved "https://registry.npmjs.org/@lexical/yjs/-/yjs-0.44.0.tgz"
  integrity sha512-b3QTub9J/3LuwSSdooynb6GbMHBRyBT4xUbXzXqNPbDHgYe6CDrqf/uJIHRihIjAhOnPaHYqo9XUzitl++N1DQ==
  dependencies:
    "@lexical/selection" "0.44.0"
    lexical "0.44.0"

"@preact/signals-core@^1.14.1":
  version "1.14.4"
  resolved "https://registry.npmjs.org/@preact/signals-core/-/signals-core-1.14.4.tgz"
  integrity sha512-HNB6HYeYKhQbJ1aKl+YRjrS4+QWHLKX6qKoUsfS/m0vqzsVaEBiZiaKbG/e+NKk2ch5ALQr/ihWaMHxiCuuWHA==

"@rails/actioncable@^8.1.300", "@rails/actioncable@>=7.0":
  version "8.1.300"
  resolved "https://registry.npmjs.org/@rails/actioncable/-/actioncable-8.1.300.tgz"
  integrity sha512-zOENQsq3NM2jyBY6Z2qtZa3V/R/6OEqA+LGKixQbBMl7kk/J3FXDRcszPe74LsHNgB01jCl/DXu/xA8sHt4I/g==

"@rails/activestorage@^8.1.300", "@rails/activestorage@>= 7.0.0":
  version "8.1.300"
  resolved "https://registry.npmjs.org/@rails/activestorage/-/activestorage-8.1.300.tgz"
  integrity sha512-AOv3zZrTJjQlzm4L9uzOQtCz6zaM4IqUyux6yzSqmS+PZ8EzwD1F2JAc4LlJNJAv4MSyNYriG+CaCm1QbQTjsA==
  dependencies:
    spark-md5 "^3.0.1"

"@types/trusted-types@^2.0.7":
  version "2.0.7"
  resolved "https://registry.npmjs.org/@types/trusted-types/-/trusted-types-2.0.7.tgz"
  integrity sha512-ScaPdn1dQczgbl0QFTeTOmVHFULt394XJgOQNoyVhZ6r2vLnMLJfBPd53SB52T/3G36VI1/g2MZaX0cwDuXsfw==

dompurify@^3.3.0:
  version "3.4.12"
  resolved "https://registry.npmjs.org/dompurify/-/dompurify-3.4.12.tgz"
  integrity sha512-zQvGet8Z2sWbQhCmfFz/T5QWH2oBmjnqK3qvOjaqaNLrLEF912WamU+ohnTp0TCep/MFVHpdJuCZEdFOdTnEFg==
  optionalDependencies:
    "@types/trusted-types" "^2.0.7"

esbuild@^0.28.1:
  version "0.28.1"
  resolved "https://registry.npmjs.org/esbuild/-/esbuild-0.28.1.tgz"
  integrity sha512-HrJrvZv5ayxBzPfwphOoNzkzOIIlifzk0KJrGK2c8R4+LKpMtpYLQeUdjnwjWv/LZlkH2laZk+4w78pi99D4Vw==
  optionalDependencies:
    "@esbuild/aix-ppc64" "0.28.1"
    "@esbuild/android-arm" "0.28.1"
    "@esbuild/android-arm64" "0.28.1"
    "@esbuild/android-x64" "0.28.1"
    "@esbuild/darwin-arm64" "0.28.1"
    "@esbuild/darwin-x64" "0.28.1"
    "@esbuild/freebsd-arm64" "0.28.1"
    "@esbuild/freebsd-x64" "0.28.1"
    "@esbuild/linux-arm" "0.28.1"
    "@esbuild/linux-arm64" "0.28.1"
    "@esbuild/linux-ia32" "0.28.1"
    "@esbuild/linux-loong64" "0.28.1"
    "@esbuild/linux-mips64el" "0.28.1"
    "@esbuild/linux-ppc64" "0.28.1"
    "@esbuild/linux-riscv64" "0.28.1"
    "@esbuild/linux-s390x" "0.28.1"
    "@esbuild/linux-x64" "0.28.1"
    "@esbuild/netbsd-arm64" "0.28.1"
    "@esbuild/netbsd-x64" "0.28.1"
    "@esbuild/openbsd-arm64" "0.28.1"
    "@esbuild/openbsd-x64" "0.28.1"
    "@esbuild/openharmony-arm64" "0.28.1"
    "@esbuild/sunos-x64" "0.28.1"
    "@esbuild/win32-arm64" "0.28.1"
    "@esbuild/win32-ia32" "0.28.1"
    "@esbuild/win32-x64" "0.28.1"

isomorphic.js@^0.2.4:
  version "0.2.5"
  resolved "https://registry.npmjs.org/isomorphic.js/-/isomorphic.js-0.2.5.tgz"
  integrity sha512-PIeMbHqMt4DnUP3MA/Flc0HElYjMXArsw1qwJZcm9sqR8mq3l8NYizFMty0pWwE/tzIGH3EKK5+jes5mAr85yw==

lexical@^0.44.0, lexical@0.44.0:
  version "0.44.0"
  resolved "https://registry.npmjs.org/lexical/-/lexical-0.44.0.tgz"
  integrity sha512-ReDUjRlFgkGoPWzvdjr7s16PUVpHATN+2NH2NiZs+PLlISTaIFFgKil2P467oP3Vg+XgmpDsUgmWZsFJTztYjg==

"lexxy-realtime@file:..":
  version "0.3.0"
  resolved "file:.."

lib0@^0.2.85, lib0@^0.2.99:
  version "0.2.117"
  resolved "https://registry.npmjs.org/lib0/-/lib0-0.2.117.tgz"
  integrity sha512-DeXj9X5xDCjgKLU/7RR+/HQEVzuuEUiwldwOGsHK/sfAfELGWEyTcf0x+uOvCvK3O2zPmZePXWL85vtia6GyZw==
  dependencies:
    isomorphic.js "^0.2.4"

marked@^16.4.1:
  version "16.4.2"
  resolved "https://registry.npmjs.org/marked/-/marked-16.4.2.tgz"
  integrity sha512-TI3V8YYWvkVf3KJe1dRkpnjs68JUPyEa5vjKrp1XEEJUAOaQc+Qj+L1qWbPd0SJuAdQkFU0h73sXXqwDYxsiDA==

prismjs@^1.30.0:
  version "1.30.0"
  resolved "https://registry.npmjs.org/prismjs/-/prismjs-1.30.0.tgz"
  integrity sha512-DEvV2ZF2r2/63V+tK8hQvrR2ZGn10srHbXviTlcv7Kpzw8jWiNTqbVgjO3IY8RxrrOUF8VPMQQFysYYYv0YZxw==

spark-md5@^3.0.1:
  version "3.0.2"
  resolved "https://registry.npmjs.org/spark-md5/-/spark-md5-3.0.2.tgz"
  integrity sha512-wcFzz9cDfbuqe0FZzfi2or1sgyIrsDwmPwfZC4hiNidPdPINjeUwNfv5kldczoEAcjl9Y1L3SM7Uz2PUEQzxQw==

y-protocols@^1.0.7:
  version "1.0.7"
  resolved "https://registry.npmjs.org/y-protocols/-/y-protocols-1.0.7.tgz"
  integrity sha512-YSVsLoXxO67J6eE/nV4AtFtT3QEotZf5sK5BHxFBXso7VDUT3Tx07IfA6hsu5Q5OmBdMkQVmFZ9QOA7fikWvnw==
  dependencies:
    lib0 "^0.2.85"

yjs@^13.0.0, yjs@^13.6.31, yjs@>=13.5.22:
  version "13.6.31"
  resolved "https://registry.npmjs.org/yjs/-/yjs-13.6.31.tgz"
  integrity sha512-Eq+5BRfbeGyqGVrTJL3bEcr8gKkxPuyuoHmAwpk52fDb8kOVMrfVSTRPd6yiGgX5Fskb96qCRjzjbRjrL4YEnw==
  dependencies:
    lib0 "^0.2.99"
